// !$*UTF8*$!
{
	archiveVersion = 1;
	classes = {
	};
	objectVersion = 50;
	objects = {

/* Begin PBXBuildFile section */
		26176290216E0AC8005D436E /* AppDelegate.swift in Sources */ = {isa = PBXBuildFile; fileRef = 2617628F216E0AC8005D436E /* AppDelegate.swift */; };
		26176295216E0AC8005D436E /* Main.storyboard in Resources */ = {isa = PBXBuildFile; fileRef = 26176293216E0AC8005D436E /* Main.storyboard */; };
		26176297216E0AC9005D436E /* Assets.xcassets in Resources */ = {isa = PBXBuildFile; fileRef = 26176296216E0AC9005D436E /* Assets.xcassets */; };
		2617629A216E0AC9005D436E /* LaunchScreen.storyboard in Resources */ = {isa = PBXBuildFile; fileRef = 26176298216E0AC9005D436E /* LaunchScreen.storyboard */; };
		261762A5216E0AC9005D436E /* ConcentrationTests.swift in Sources */ = {isa = PBXBuildFile; fileRef = 261762A4216E0AC9005D436E /* ConcentrationTests.swift */; };
		261762B0216E0AC9005D436E /* MemoUITests.swift in Sources */ = {isa = PBXBuildFile; fileRef = 261762AF216E0AC9005D436E /* MemoUITests.swift */; };
		266FAF7821889A830049FFA8 /* ViewController.swift in Sources */ = {isa = PBXBuildFile; fileRef = 26176291216E0AC8005D436E /* ViewController.swift */; };
		26EA7F22216FAEB3002D1377 /* Memo.swift in Sources */ = {isa = PBXBuildFile; fileRef = 26EA7F21216FAEB3002D1377 /* Memo.swift */; };
		26EA7F24216FAEC8002D1377 /* Card.swift in Sources */ = {isa = PBXBuildFile; fileRef = 26EA7F23216FAEC8002D1377 /* Card.swift */; };
/* End PBXBuildFile section */

/* Begin PBXContainerItemProxy section */
		261762A1216E0AC9005D436E /* PBXContainerItemProxy */ = {
			isa = PBXContainerItemProxy;
			containerPortal = 26176284216E0AC8005D436E /* Project object */;
			proxyType = 1;
			remoteGlobalIDString = 2617628B216E0AC8005D436E;
			remoteInfo = Concentration;
		};
		261762AC216E0AC9005D436E /* PBXContainerItemProxy */ = {
			isa = PBXContainerItemProxy;
			containerPortal = 26176284216E0AC8005D436E /* Project object */;
			proxyType = 1;
			remoteGlobalIDString = 2617628B216E0AC8005D436E;
			remoteInfo = Concentration;
		};
/* End PBXContainerItemProxy section */

/* Begin PBXFileReference section */
		2617628C216E0AC8005D436E /* Concentration.app */ = {isa = PBXFileReference; explicitFileType = wrapper.application; includeInIndex = 0; path = Concentration.app; sourceTree = BUILT_PRODUCTS_DIR; };
		2617628F216E0AC8005D436E /* AppDelegate.swift */ = {isa = PBXFileReference; lastKnownFileType = sourcecode.swift; path = AppDelegate.swift; sourceTree = "<group>"; };
		26176291216E0AC8005D436E /* ViewController.swift */ = {isa = PBXFileReference; lastKnownFileType = sourcecode.swift; path = ViewController.swift; sourceTree = "<group>"; };
		26176294216E0AC8005D436E /* Base */ = {isa = PBXFileReference; lastKnownFileType = file.storyboard; name = Base; path = Base.lproj/Main.storyboard; sourceTree = "<group>"; };
		26176296216E0AC9005D436E /* Assets.xcassets */ = {isa = PBXFileReference; lastKnownFileType = folder.assetcatalog; path = Assets.xcassets; sourceTree = "<group>"; };
		26176299216E0AC9005D436E /* Base */ = {isa = PBXFileReference; lastKnownFileType = file.storyboard; name = Base; path = Base.lproj/LaunchScreen.storyboard; sourceTree = "<group>"; };
		2617629B216E0AC9005D436E /* Info.plist */ = {isa = PBXFileReference; lastKnownFileType = text.plist.xml; path = Info.plist; sourceTree = "<group>"; };
		261762A0216E0AC9005D436E /* ConcentrationTests.xctest */ = {isa = PBXFileReference; explicitFileType = wrapper.cfbundle; includeInIndex = 0; path = ConcentrationTests.xctest; sourceTree = BUILT_PRODUCTS_DIR; };
		261762A4216E0AC9005D436E /* ConcentrationTests.swift */ = {isa = PBXFileReference; lastKnownFileType = sourcecode.swift; path = ConcentrationTests.swift; sourceTree = "<group>"; };
		261762A6216E0AC9005D436E /* Info.plist */ = {isa = PBXFileReference; lastKnownFileType = text.plist.xml; path = Info.plist; sourceTree = "<group>"; };
		261762AB216E0AC9005D436E /* ConcentrationUITests.xctest */ = {isa = PBXFileReference; explicitFileType = wrapper.cfbundle; includeInIndex = 0; path = ConcentrationUITests.xctest; sourceTree = BUILT_PRODUCTS_DIR; };
		261762AF216E0AC9005D436E /* MemoUITests.swift */ = {isa = PBXFileReference; lastKnownFileType = sourcecode.swift; path = MemoUITests.swift; sourceTree = "<group>"; };
		261762B1216E0AC9005D436E /* Info.plist */ = {isa = PBXFileReference; lastKnownFileType = text.plist.xml; path = Info.plist; sourceTree = "<group>"; };
		26EA7F21216FAEB3002D1377 /* Memo.swift */ = {isa = PBXFileReference; lastKnownFileType = sourcecode.swift; path = Memo.swift; sourceTree = "<group>"; };
		26EA7F23216FAEC8002D1377 /* Card.swift */ = {isa = PBXFileReference; lastKnownFileType = sourcecode.swift; path = Card.swift; sourceTree = "<group>"; };
/* End PBXFileReference section */

/* Begin PBXFrameworksBuildPhase section */
		26176289216E0AC8005D436E /* Frameworks */ = {
			isa = PBXFrameworksBuildPhase;
			buildActionMask = 2147483647;
			files = (
			);
			runOnlyForDeploymentPostprocessing = 0;
		};
		2617629D216E0AC9005D436E /* Frameworks */ = {
			isa = PBXFrameworksBuildPhase;
			buildActionMask = 2147483647;
			files = (
			);
			runOnlyForDeploymentPostprocessing = 0;
		};
		261762A8216E0AC9005D436E /* Frameworks */ = {
			isa = PBXFrameworksBuildPhase;
			buildActionMask = 2147483647;
			files = (
			);
			runOnlyForDeploymentPostprocessing = 0;
		};
/* End PBXFrameworksBuildPhase section */

/* Begin PBXGroup section */
		26176283216E0AC8005D436E = {
			isa = PBXGroup;
			children = (
				2617628E216E0AC8005D436E /* Memo */,
				261762A3216E0AC9005D436E /* ConcentrationTests */,
				261762AE216E0AC9005D436E /* MemoUITests */,
				2617628D216E0AC8005D436E /* Products */,
			);
			sourceTree = "<group>";
		};
		2617628D216E0AC8005D436E /* Products */ = {
			isa = PBXGroup;
			children = (
				2617628C216E0AC8005D436E /* Concentration.app */,
				261762A0216E0AC9005D436E /* ConcentrationTests.xctest */,
				261762AB216E0AC9005D436E /* ConcentrationUITests.xctest */,
			);
			name = Products;
			sourceTree = "<group>";
		};
		2617628E216E0AC8005D436E /* Memo */ = {
			isa = PBXGroup;
			children = (
				261762BD216E0AD3005D436E /* Memo */,
				26176291216E0AC8005D436E /* ViewController.swift */,
				26176293216E0AC8005D436E /* Main.storyboard */,
				2617629B216E0AC9005D436E /* Info.plist */,
				26EA7F21216FAEB3002D1377 /* Memo.swift */,
				26EA7F23216FAEC8002D1377 /* Card.swift */,
			);
			path = Memo;
			sourceTree = "<group>";
		};
		261762A3216E0AC9005D436E /* ConcentrationTests */ = {
			isa = PBXGroup;
			children = (
				261762A4216E0AC9005D436E /* ConcentrationTests.swift */,
				261762A6216E0AC9005D436E /* Info.plist */,
			);
			path = ConcentrationTests;
			sourceTree = "<group>";
		};
		261762AE216E0AC9005D436E /* MemoUITests */ = {
			isa = PBXGroup;
			children = (
				261762AF216E0AC9005D436E /* MemoUITests.swift */,
				261762B1216E0AC9005D436E /* Info.plist */,
			);
			path = MemoUITests;
			sourceTree = "<group>";
		};
		261762BD216E0AD3005D436E /* Memo */ = {
			isa = PBXGroup;
			children = (
				2617628F216E0AC8005D436E /* AppDelegate.swift */,
				26176296216E0AC9005D436E /* Assets.xcassets */,
				26176298216E0AC9005D436E /* LaunchScreen.storyboard */,
			);
			path = Memo;
			sourceTree = "<group>";
		};
/* End PBXGroup section */

/* Begin PBXNativeTarget section */
		2617628B216E0AC8005D436E /* Concentration */ = {
			isa = PBXNativeTarget;
			buildConfigurationList = 261762B4216E0AC9005D436E /* Build configuration list for PBXNativeTarget "Concentration" */;
			buildPhases = (
				26176288216E0AC8005D436E /* Sources */,
				26176289216E0AC8005D436E /* Frameworks */,
				2617628A216E0AC8005D436E /* Resources */,
			);
			buildRules = (
			);
			dependencies = (
			);
			name = Concentration;
			productName = Concentration;
			productReference = 2617628C216E0AC8005D436E /* Concentration.app */;
			productType = "com.apple.product-type.application";
		};
		2617629F216E0AC9005D436E /* ConcentrationTests */ = {
			isa = PBXNativeTarget;
			buildConfigurationList = 261762B7216E0AC9005D436E /* Build configuration list for PBXNativeTarget "ConcentrationTests" */;
			buildPhases = (
				2617629C216E0AC9005D436E /* Sources */,
				2617629D216E0AC9005D436E /* Frameworks */,
				2617629E216E0AC9005D436E /* Resources */,
			);
			buildRules = (
			);
			dependencies = (
				261762A2216E0AC9005D436E /* PBXTargetDependency */,
			);
			name = ConcentrationTests;
			productName = ConcentrationTests;
			productReference = 261762A0216E0AC9005D436E /* ConcentrationTests.xctest */;
			productType = "com.apple.product-type.bundle.unit-test";
		};
		261762AA216E0AC9005D436E /* ConcentrationUITests */ = {
			isa = PBXNativeTarget;
			buildConfigurationList = 261762BA216E0AC9005D436E /* Build configuration list for PBXNativeTarget "ConcentrationUITests" */;
			buildPhases = (
				261762A7216E0AC9005D436E /* Sources */,
				261762A8216E0AC9005D436E /* Frameworks */,
				261762A9216E0AC9005D436E /* Resources */,
			);
			buildRules = (
			);
			dependencies = (
				261762AD216E0AC9005D436E /* PBXTargetDependency */,
			);
			name = ConcentrationUITests;
			productName = ConcentrationUITests;
			productReference = 261762AB216E0AC9005D436E /* ConcentrationUITests.xctest */;
			productType = "com.apple.product-type.bundle.ui-testing";
		};
/* End PBXNativeTarget section */

/* Begin PBXProject section */
		26176284216E0AC8005D436E /* Project object */ = {
			isa = PBXProject;
			attributes = {
				LastSwiftUpdateCheck = 1000;
				LastUpgradeCheck = 1000;
				ORGANIZATIONNAME = shlyushka;
				TargetAttributes = {
					2617628B216E0AC8005D436E = {
						CreatedOnToolsVersion = 10.0;
					};
					2617629F216E0AC9005D436E = {
						CreatedOnToolsVersion = 10.0;
						TestTargetID = 2617628B216E0AC8005D436E;
					};
					261762AA216E0AC9005D436E = {
						CreatedOnToolsVersion = 10.0;
						TestTargetID = 2617628B216E0AC8005D436E;
					};
				};
			};
			buildConfigurationList = 26176287216E0AC8005D436E /* Build configuration list for PBXProject "Concentration" */;
			compatibilityVersion = "Xcode 9.3";
			developmentRegion = en;
			hasScannedForEncodings = 0;
			knownRegions = (
				en,
				Base,
			);
			mainGroup = 26176283216E0AC8005D436E;
			productRefGroup = 2617628D216E0AC8005D436E /* Products */;
			projectDirPath = "";
			projectRoot = "";
			targets = (
				2617628B216E0AC8005D436E /* Concentration */,
				2617629F216E0AC9005D436E /* ConcentrationTests */,
				261762AA216E0AC9005D436E /* ConcentrationUITests */,
			);
		};
/* End PBXProject section */

/* Begin PBXResourcesBuildPhase section */
		2617628A216E0AC8005D436E /* Resources */ = {
			isa = PBXResourcesBuildPhase;
			buildActionMask = 2147483647;
			files = (
				2617629A216E0AC9005D436E /* LaunchScreen.storyboard in Resources */,
				26176297216E0AC9005D436E /* Assets.xcassets in Resources */,
				26176295216E0AC8005D436E /* Main.storyboard in Resources */,
			);
			runOnlyForDeploymentPostprocessing = 0;
		};
		2617629E216E0AC9005D436E /* Resources */ = {
			isa = PBXResourcesBuildPhase;
			buildActionMask = 2147483647;
			files = (
			);
			runOnlyForDeploymentPostprocessing = 0;
		};
		261762A9216E0AC9005D436E /* Resources */ = {
			isa = PBXResourcesBuildPhase;
			buildActionMask = 2147483647;
			files = (
			);
			runOnlyForDeploymentPostprocessing = 0;
		};
/* End PBXResourcesBuildPhase section */

/* Begin PBXSourcesBuildPhase section */
		26176288216E0AC8005D436E /* Sources */ = {
			isa = PBXSourcesBuildPhase;
			buildActionMask = 2147483647;
			files = (
				26176290216E0AC8005D436E /* AppDelegate.swift in Sources */,
				26EA7F22216FAEB3002D1377 /* Memo.swift in Sources */,
				266FAF7821889A830049FFA8 /* ViewController.swift in Sources */,
				26EA7F24216FAEC8002D1377 /* Card.swift in Sources */,
			);
			runOnlyForDeploymentPostprocessing = 0;
		};
		2617629C216E0AC9005D436E /* Sources */ = {
			isa = PBXSourcesBuildPhase;
			buildActionMask = 2147483647;
			files = (
				261762A5216E0AC9005D436E /* ConcentrationTests.swift in Sources */,
			);
			runOnlyForDeploymentPostprocessing = 0;
		};
		261762A7216E0AC9005D436E /* Sources */ = {
			isa = PBXSourcesBuildPhase;
			buildActionMask = 2147483647;
			files = (
				261762B0216E0AC9005D436E /* MemoUITests.swift in Sources */,
			);
			runOnlyForDeploymentPostprocessing = 0;
		};
/* End PBXSourcesBuildPhase section */

/* Begin PBXTargetDependency section */
		261762A2216E0AC9005D436E /* PBXTargetDependency */ = {
			isa = PBXTargetDependency;
			target = 2617628B216E0AC8005D436E /* Concentration */;
			targetProxy = 261762A1216E0AC9005D436E /* PBXContainerItemProxy */;
		};
		261762AD216E0AC9005D436E /* PBXTargetDependency */ = {
			isa = PBXTargetDependency;
			target = 2617628B216E0AC8005D436E /* Concentration */;
			targetProxy = 261762AC216E0AC9005D436E /* PBXContainerItemProxy */;
		};
/* End PBXTargetDependency section */

/* Begin PBXVariantGroup section */
		26176293216E0AC8005D436E /* Main.storyboard */ = {
			isa = PBXVariantGroup;
			children = (
				26176294216E0AC8005D436E /* Base */,
			);
			name = Main.storyboard;
			sourceTree = "<group>";
		};
		26176298216E0AC9005D436E /* LaunchScreen.storyboard */ = {
			isa = PBXVariantGroup;
			children = (
				26176299216E0AC9005D436E /* Base */,
			);
			name = LaunchScreen.storyboard;
			sourceTree = "<group>";
		};
/* End PBXVariantGroup section */

/* Begin XCBuildConfiguration section */
		261762B2216E0AC9005D436E /* Debug */ = {
			isa = XCBuildConfiguration;
			buildSettings = {
				ALWAYS_SEARCH_USER_PATHS = NO;
				CLANG_ANALYZER_NONNULL = YES;
				CLANG_ANALYZER_NUMBER_OBJECT_CONVERSION = YES_AGGRESSIVE;
				CLANG_CXX_LANGUAGE_STANDARD = "gnu++14";
				CLANG_CXX_LIBRARY = "libc++";
				CLANG_ENABLE_MODULES = YES;
				CLANG_ENABLE_OBJC_ARC = YES;
				CLANG_ENABLE_OBJC_WEAK = YES;
				CLANG_WARN_BLOCK_CAPTURE_AUTORELEASING = YES;
				CLANG_WARN_BOOL_CONVERSION = YES;
				CLANG_WARN_COMMA = YES;
				CLANG_WARN_CONSTANT_CONVERSION = YES;
				CLANG_WARN_DEPRECATED_OBJC_IMPLEMENTATIONS = YES;
				CLANG_WARN_DIRECT_OBJC_ISA_USAGE = YES_ERROR;
				CLANG_WARN_DOCUMENTATION_COMMENTS = YES;
				CLANG_WARN_EMPTY_BODY = YES;
				CLANG_WARN_ENUM_CONVERSION = YES;
				CLANG_WARN_INFINITE_RECURSION = YES;
				CLANG_WARN_INT_CONVERSION = YES;
				CLANG_WARN_NON_LITERAL_NULL_CONVERSION = YES;
				CLANG_WARN_OBJC_IMPLICIT_RETAIN_SELF = YES;
				CLANG_WARN_OBJC_LITERAL_CONVERSION = YES;
				CLANG_WARN_OBJC_ROOT_CLASS = YES_ERROR;
				CLANG_WARN_RANGE_LOOP_ANALYSIS = YES;
				CLANG_WARN_STRICT_PROTOTYPES = YES;
				CLANG_WARN_SUSPICIOUS_MOVE = YES;
				CLANG_WARN_UNGUARDED_AVAILABILITY = YES_AGGRESSIVE;
				CLANG_WARN_UNREACHABLE_CODE = YES;
				CLANG_WARN__DUPLICATE_METHOD_MATCH = YES;
				CODE_SIGN_IDENTITY = "iPhone Developer";
				COPY_PHASE_STRIP = NO;
				DEBUG_INFORMATION_FORMAT = dwarf;
				ENABLE_STRICT_OBJC_MSGSEND = YES;
				ENABLE_TESTABILITY = YES;
				GCC_C_LANGUAGE_STANDARD = gnu11;
				GCC_DYNAMIC_NO_PIC = NO;
				GCC_NO_COMMON_BLOCKS = YES;
				GCC_OPTIMIZATION_LEVEL = 0;
				GCC_PREPROCESSOR_DEFINITIONS = (
					"DEBUG=1",
					"$(inherited)",
				);
				GCC_WARN_64_TO_32_BIT_CONVERSION = YES;
				GCC_WARN_ABOUT_RETURN_TYPE = YES_ERROR;
				GCC_WARN_UNDECLARED_SELECTOR = YES;
				GCC_WARN_UNINITIALIZED_AUTOS = YES_AGGRESSIVE;
				GCC_WARN_UNUSED_FUNCTION = YES;
				GCC_WARN_UNUSED_VARIABLE = YES;
				IPHONEOS_DEPLOYMENT_TARGET = 12.0;
				MTL_ENABLE_DEBUG_INFO = INCLUDE_SOURCE;
				MTL_FAST_MATH = YES;
				ONLY_ACTIVE_ARCH = YES;
				SDKROOT = iphoneos;
				SWIFT_ACTIVE_COMPILATION_CONDITIONS = DEBUG;
				SWIFT_OPTIMIZATION_LEVEL = "-Onone";
			};
			name = Debug;
		};
		261762B3216E0AC9005D436E /* Release */ = {
			isa = XCBuildConfiguration;
			buildSettings = {
				ALWAYS_SEARCH_USER_PATHS = NO;
				CLANG_ANALYZER_NONNULL = YES;
				CLANG_ANALYZER_NUMBER_OBJECT_CONVERSION = YES_AGGRESSIVE;
				CLANG_CXX_LANGUAGE_STANDARD = "gnu++14";
				CLANG_CXX_LIBRARY = "libc++";
				CLANG_ENABLE_MODULES = YES;
				CLANG_ENABLE_OBJC_ARC = YES;
				CLANG_ENABLE_OBJC_WEAK = YES;
				CLANG_WARN_BLOCK_CAPTURE_AUTORELEASING = YES;
				CLANG_WARN_BOOL_CONVERSION = YES;
				CLANG_WARN_COMMA = YES;
				CLANG_WARN_CONSTANT_CONVERSION = YES;
				CLANG_WARN_DEPRECATED_OBJC_IMPLEMENTATIONS = YES;
				CLANG_WARN_DIRECT_OBJC_ISA_USAGE = YES_ERROR;
				CLANG_WARN_DOCUMENTATION_COMMENTS = YES;
				CLANG_WARN_EMPTY_BODY = YES;
				CLANG_WARN_ENUM_CONVERSION = YES;
				CLANG_WARN_INFINITE_RECURSION = YES;
				CLANG_WARN_INT_CONVERSION = YES;
				CLANG_WARN_NON_LITERAL_NULL_CONVERSION = YES;
				CLANG_WARN_OBJC_IMPLICIT_RETAIN_SELF = YES;
				CLANG_WARN_OBJC_LITERAL_CONVERSION = YES;
				CLANG_WARN_OBJC_ROOT_CLASS = YES_ERROR;
				CLANG_WARN_RANGE_LOOP_ANALYSIS = YES;
				CLANG_WARN_STRICT_PROTOTYPES = YES;
				CLANG_WARN_SUSPICIOUS_MOVE = YES;
				CLANG_WARN_UNGUARDED_AVAILABILITY = YES_AGGRESSIVE;
				CLANG_WARN_UNREACHABLE_CODE = YES;
				CLANG_WARN__DUPLICATE_METHOD_MATCH = YES;
				CODE_SIGN_IDENTITY = "iPhone Developer";
				COPY_PHASE_STRIP = NO;
				DEBUG_INFORMATION_FORMAT = "dwarf-with-dsym";
				ENABLE_NS_ASSERTIONS = NO;
				ENABLE_STRICT_OBJC_MSGSEND = YES;
				GCC_C_LANGUAGE_STANDARD = gnu11;
				GCC_NO_COMMON_BLOCKS = YES;
				GCC_WARN_64_TO_32_BIT_CONVERSION = YES;
				GCC_WARN_ABOUT_RETURN_TYPE = YES_ERROR;
				GCC_WARN_UNDECLARED_SELECTOR = YES;
				GCC_WARN_UNINITIALIZED_AUTOS = YES_AGGRESSIVE;
				GCC_WARN_UNUSED_FUNCTION = YES;
				GCC_WARN_UNUSED_VARIABLE = YES;
				IPHONEOS_DEPLOYMENT_TARGET = 12.0;
				MTL_ENABLE_DEBUG_INFO = NO;
				MTL_FAST_MATH = YES;
				SDKROOT = iphoneos;
				SWIFT_COMPILATION_MODE = wholemodule;
				SWIFT_OPTIMIZATION_LEVEL = "-O";
				VALIDATE_PRODUCT = YES;
			};
			name = Release;
		};
		261762B5216E0AC9005D436E /* Debug */ = {
			isa = XCBuildConfiguration;
			buildSettings = {
				ASSETCATALOG_COMPILER_APPICON_NAME = AppIcon;
				CODE_SIGN_STYLE = Automatic;
				DEVELOPMENT_TEAM = M9M46J79CA;
				INFOPLIST_FILE = Concentration/Info.plist;
				LD_RUNPATH_SEARCH_PATHS = (
					"$(inherited)",
					"@executable_path/Frameworks",
				);
				PRODUCT_BUNDLE_IDENTIFIER = com.shlyushka.Concentration;
				PRODUCT_NAME = "$(TARGET_NAME)";
				SWIFT_VERSION = 4.2;
				TARGETED_DEVICE_FAMILY = "1,2";
			};
			name = Debug;
		};
		261762B6216E0AC9005D436E /* Release */ = {
			isa = XCBuildConfiguration;
			buildSettings = {
				ASSETCATALOG_COMPILER_APPICON_NAME = AppIcon;
				CODE_SIGN_STYLE = Automatic;
				DEVELOPMENT_TEAM = M9M46J79CA;
				INFOPLIST_FILE = Concentration/Info.plist;
				LD_RUNPATH_SEARCH_PATHS = (
					"$(inherited)",
					"@executable_path/Frameworks",
				);
				PRODUCT_BUNDLE_IDENTIFIER = com.shlyushka.Concentration;
				PRODUCT_NAME = "$(TARGET_NAME)";
				SWIFT_VERSION = 4.2;
				TARGETED_DEVICE_FAMILY = "1,2";
			};
			name = Release;
		};
		261762B8216E0AC9005D436E /* Debug */ = {
			isa = XCBuildConfiguration;
			buildSettings = {
				ALWAYS_EMBED_SWIFT_STANDARD_LIBRARIES = YES;
				BUNDLE_LOADER = "$(TEST_HOST)";
				CODE_SIGN_STYLE = Automatic;
				DEVELOPMENT_TEAM = M9M46J79CA;
				INFOPLIST_FILE = ConcentrationTests/Info.plist;
				LD_RUNPATH_SEARCH_PATHS = (
					"$(inherited)",
					"@executable_path/Frameworks",
					"@loader_path/Frameworks",
				);
				PRODUCT_BUNDLE_IDENTIFIER = com.shlyushka.ConcentrationTests;
				PRODUCT_NAME = "$(TARGET_NAME)";
				SWIFT_VERSION = 4.2;
				TARGETED_DEVICE_FAMILY = "1,2";
				TEST_HOST = "$(BUILT_PRODUCTS_DIR)/Concentration.app/Concentration";
			};
			name = Debug;
		};
		261762B9216E0AC9005D436E /* Release */ = {
			isa = XCBuildConfiguration;
			buildSettings = {
				ALWAYS_EMBED_SWIFT_STANDARD_LIBRARIES = YES;
				BUNDLE_LOADER = "$(TEST_HOST)";
				CODE_SIGN_STYLE = Automatic;
				DEVELOPMENT_TEAM = M9M46J79CA;
				INFOPLIST_FILE = ConcentrationTests/Info.plist;
				LD_RUNPATH_SEARCH_PATHS = (
					"$(inherited)",
					"@executable_path/Frameworks",
					"@loader_path/Frameworks",
				);
				PRODUCT_BUNDLE_IDENTIFIER = com.shlyushka.ConcentrationTests;
				PRODUCT_NAME = "$(TARGET_NAME)";
				SWIFT_VERSION = 4.2;
				TARGETED_DEVICE_FAMILY = "1,2";
				TEST_HOST = "$(BUILT_PRODUCTS_DIR)/Concentration.app/Concentration";
			};
			name = Release;
		};
		261762BB216E0AC9005D436E /* Debug */ = {
			isa = XCBuildConfiguration;
			buildSettings = {
				ALWAYS_EMBED_SWIFT_STANDARD_LIBRARIES = YES;
				CODE_SIGN_STYLE = Automatic;
				DEVELOPMENT_TEAM = M9M46J79CA;
				INFOPLIST_FILE = ConcentrationUITests/Info.plist;
				LD_RUNPATH_SEARCH_PATHS = (
					"$(inherited)",
					"@executable_path/Frameworks",
					"@loader_path/Frameworks",
				);
				PRODUCT_BUNDLE_IDENTIFIER = com.shlyushka.ConcentrationUITests;
				PRODUCT_NAME = "$(TARGET_NAME)";
				SWIFT_VERSION = 4.2;
				TARGETED_DEVICE_FAMILY = "1,2";
				TEST_TARGET_NAME = Concentration;
			};
			name = Debug;
		};
		261762BC216E0AC9005D436E /* Release */ = {
			isa = XCBuildConfiguration;
			buildSettings = {
				ALWAYS_EMBED_SWIFT_STANDARD_LIBRARIES = YES;
				CODE_SIGN_STYLE = Automatic;
				DEVELOPMENT_TEAM = M9M46J79CA;
				INFOPLIST_FILE = ConcentrationUITests/Info.plist;
				LD_RUNPATH_SEARCH_PATHS = (
					"$(inherited)",
					"@executable_path/Frameworks",
					"@loader_path/Frameworks",
				);
				PRODUCT_BUNDLE_IDENTIFIER = com.shlyushka.ConcentrationUITests;
				PRODUCT_NAME = "$(TARGET_NAME)";
				SWIFT_VERSION = 4.2;
				TARGETED_DEVICE_FAMILY = "1,2";
				TEST_TARGET_NAME = Concentration;
			};
			name = Release;
		};
/* End XCBuildConfiguration section */

/* Begin XCConfigurationList section */
		26176287216E0AC8005D436E /* Build configuration list for PBXProject "Concentration" */ = {
			isa = XCConfigurationList;
			buildConfigurations = (
				261762B2216E0AC9005D436E /* Debug */,
				261762B3216E0AC9005D436E /* Release */,
			);
			defaultConfigurationIsVisible = 0;
			defaultConfigurationName = Release;
		};
		261762B4216E0AC9005D436E /* Build configuration list for PBXNativeTarget "Concentration" */ = {
			isa = XCConfigurationList;
			buildConfigurations = (
				261762B5216E0AC9005D436E /* Debug */,
				261762B6216E0AC9005D436E /* Release */,
			);
			defaultConfigurationIsVisible = 0;
			defaultConfigurationName = Release;
		};
		261762B7216E0AC9005D436E /* Build configuration list for PBXNativeTarget "ConcentrationTests" */ = {
			isa = XCConfigurationList;
			buildConfigurations = (
				261762B8216E0AC9005D436E /* Debug */,
				261762B9216E0AC9005D436E /* Release */,
			);
			defaultConfigurationIsVisible = 0;
			defaultConfigurationName = Release;
		};
		261762BA216E0AC9005D436E /* Build configuration list for PBXNativeTarget "ConcentrationUITests" */ = {
			isa = XCConfigurationList;
			buildConfigurations = (
				261762BB216E0AC9005D436E /* Debug */,
				261762BC216E0AC9005D436E /* Release */,
			);
			defaultConfigurationIsVisible = 0;
			defaultConfigurationName = Release;
		};
/* End XCConfigurationList section */
	};
	rootObject = 26176284216E0AC8005D436E /* Project object */;
}
